{
  "name": "xzhttp",
  "version": "1.0.0",
  "lockfileVersion": 1,
  "requires": true,
  "dependencies": {
    "object-recurse": {
      "version": "1.0.0",
      "resolved": "https://registry.npmjs.org/object-recurse/-/object-recurse-1.0.0.tgz",
      "integrity": "sha512-KxKjCjuWY0k74kY5bxQGKQH/Lq9+BOg/Jk/AzBH1n7yJ7QTNcs7b12MvFJ27g4rik6ZsyJuvBDbhczvIDqfoIw=="
    }
  }
}
